// !$*UTF8*$!
{
	archiveVersion = 1;
	classes = {
	};
	objectVersion = 46;
	objects = {

/* Begin PBXBuildFile section */
		012AC8CE19D0333C006D9744 /* runin2.c in Sources */ = {isa = PBXBuildFile; fileRef = 012AC8CD19D0333C006D9744 /* runin2.c */; };
		012AC8D119D0333C006D9744 /* Makefile in Sources */ = {isa = PBXBuildFile; fileRef = 012AC8D019D0333C006D9744 /* Makefile */; };
		012AC91F19D0603B006D9744 /* servo.c in Sources */ = {isa = PBXBuildFile; fileRef = 012AC91E19D0603B006D9744 /* servo.c */; };
		012AC92219D079EA006D9744 /* pcint.c in Sources */ = {isa = PBXBuildFile; fileRef = 012AC92119D079EA006D9744 /* pcint.c */; };
		01E80BFE19DD6E4A00737924 /* relay.c in Sources */ = {isa = PBXBuildFile; fileRef = 01E80BFD19DD6E4A00737924 /* relay.c */; };
		01E80C0119DD892100737924 /* timer0.c in Sources */ = {isa = PBXBuildFile; fileRef = 01E80BFF19DD892100737924 /* timer0.c */; };
/* End PBXBuildFile section */

/* Begin PBXFileReference section */
		012AC8CA19D0333C006D9744 /* Index */ = {isa = PBXFileReference; explicitFileType = "compiled.mach-o.executable"; includeInIndex = 0; path = Index; sourceTree = BUILT_PRODUCTS_DIR; };
		012AC8CD19D0333C006D9744 /* runin2.c */ = {isa = PBXFileReference; lastKnownFileType = sourcecode.c.c; path = runin2.c; sourceTree = "<group>"; };
		012AC8D019D0333C006D9744 /* Makefile */ = {isa = PBXFileReference; lastKnownFileType = sourcecode.make; path = Makefile; sourceTree = "<group>"; };
		012AC8E519D03641006D9744 /* mbascii.c */ = {isa = PBXFileReference; fileEncoding = 4; lastKnownFileType = sourcecode.c.c; path = mbascii.c; sourceTree = "<group>"; };
		012AC8E619D03641006D9744 /* mbascii.h */ = {isa = PBXFileReference; fileEncoding = 4; lastKnownFileType = sourcecode.c.h; path = mbascii.h; sourceTree = "<group>"; };
		012AC8E719D03641006D9744 /* mbascii.o */ = {isa = PBXFileReference; lastKnownFileType = "compiled.mach-o.objfile"; path = mbascii.o; sourceTree = "<group>"; };
		012AC8E919D03641006D9744 /* mbfunccoils.c */ = {isa = PBXFileReference; fileEncoding = 4; lastKnownFileType = sourcecode.c.c; path = mbfunccoils.c; sourceTree = "<group>"; };
		012AC8EA19D03641006D9744 /* mbfunccoils.c_cbf */ = {isa = PBXFileReference; fileEncoding = 4; lastKnownFileType = text; path = mbfunccoils.c_cbf; sourceTree = "<group>"; };
		012AC8EB19D03641006D9744 /* mbfunccoils.o */ = {isa = PBXFileReference; lastKnownFileType = "compiled.mach-o.objfile"; path = mbfunccoils.o; sourceTree = "<group>"; };
		012AC8EC19D03641006D9744 /* mbfuncdiag.c */ = {isa = PBXFileReference; fileEncoding = 4; lastKnownFileType = sourcecode.c.c; path = mbfuncdiag.c; sourceTree = "<group>"; };
		012AC8ED19D03641006D9744 /* mbfuncdiag.o */ = {isa = PBXFileReference; lastKnownFileType = "compiled.mach-o.objfile"; path = mbfuncdiag.o; sourceTree = "<group>"; };
		012AC8EE19D03641006D9744 /* mbfuncdisc.c */ = {isa = PBXFileReference; fileEncoding = 4; lastKnownFileType = sourcecode.c.c; path = mbfuncdisc.c; sourceTree = "<group>"; };
		012AC8EF19D03641006D9744 /* mbfuncdisc.o */ = {isa = PBXFileReference; lastKnownFileType = "compiled.mach-o.objfile"; path = mbfuncdisc.o; sourceTree = "<group>"; };
		012AC8F019D03641006D9744 /* mbfuncholding.c */ = {isa = PBXFileReference; fileEncoding = 4; lastKnownFileType = sourcecode.c.c; path = mbfuncholding.c; sourceTree = "<group>"; };
		012AC8F119D03641006D9744 /* mbfuncholding.o */ = {isa = PBXFileReference; lastKnownFileType = "compiled.mach-o.objfile"; path = mbfuncholding.o; sourceTree = "<group>"; };
		012AC8F219D03641006D9744 /* mbfuncinput.c */ = {isa = PBXFileReference; fileEncoding = 4; lastKnownFileType = sourcecode.c.c; path = mbfuncinput.c; sourceTree = "<group>"; };
		012AC8F319D03641006D9744 /* mbfuncinput.o */ = {isa = PBXFileReference; lastKnownFileType = "compiled.mach-o.objfile"; path = mbfuncinput.o; sourceTree = "<group>"; };
		012AC8F419D03641006D9744 /* mbfuncother.c */ = {isa = PBXFileReference; fileEncoding = 4; lastKnownFileType = sourcecode.c.c; path = mbfuncother.c; sourceTree = "<group>"; };
		012AC8F519D03641006D9744 /* mbfuncother.o */ = {isa = PBXFileReference; lastKnownFileType = "compiled.mach-o.objfile"; path = mbfuncother.o; sourceTree = "<group>"; };
		012AC8F619D03641006D9744 /* mbutils.c */ = {isa = PBXFileReference; fileEncoding = 4; lastKnownFileType = sourcecode.c.c; path = mbutils.c; sourceTree = "<group>"; };
		012AC8F719D03641006D9744 /* mbutils.o */ = {isa = PBXFileReference; lastKnownFileType = "compiled.mach-o.objfile"; path = mbutils.o; sourceTree = "<group>"; };
		012AC8F919D03641006D9744 /* mb.h */ = {isa = PBXFileReference; fileEncoding = 4; lastKnownFileType = sourcecode.c.h; path = mb.h; sourceTree = "<group>"; };
		012AC8FA19D03641006D9744 /* mbconfig.h */ = {isa = PBXFileReference; fileEncoding = 4; lastKnownFileType = sourcecode.c.h; path = mbconfig.h; sourceTree = "<group>"; };
		012AC8FB19D03641006D9744 /* mbconfig.h_cbf */ = {isa = PBXFileReference; fileEncoding = 4; lastKnownFileType = text; path = mbconfig.h_cbf; sourceTree = "<group>"; };
		012AC8FC19D03641006D9744 /* mbframe.h */ = {isa = PBXFileReference; fileEncoding = 4; lastKnownFileType = sourcecode.c.h; path = mbframe.h; sourceTree = "<group>"; };
		012AC8FD19D03641006D9744 /* mbfunc.h */ = {isa = PBXFileReference; fileEncoding = 4; lastKnownFileType = sourcecode.c.h; path = mbfunc.h; sourceTree = "<group>"; };
		012AC8FE19D03641006D9744 /* mbport.h */ = {isa = PBXFileReference; fileEncoding = 4; lastKnownFileType = sourcecode.c.h; path = mbport.h; sourceTree = "<group>"; };
		012AC8FF19D03641006D9744 /* mbproto.h */ = {isa = PBXFileReference; fileEncoding = 4; lastKnownFileType = sourcecode.c.h; path = mbproto.h; sourceTree = "<group>"; };
		012AC90019D03641006D9744 /* mbutils.h */ = {isa = PBXFileReference; fileEncoding = 4; lastKnownFileType = sourcecode.c.h; path = mbutils.h; sourceTree = "<group>"; };
		012AC90119D03641006D9744 /* mb.c */ = {isa = PBXFileReference; fileEncoding = 4; lastKnownFileType = sourcecode.c.c; path = mb.c; sourceTree = "<group>"; };
		012AC90219D03641006D9744 /* mb.o */ = {isa = PBXFileReference; lastKnownFileType = "compiled.mach-o.objfile"; path = mb.o; sourceTree = "<group>"; };
		012AC90419D03641006D9744 /* mbcrc.c */ = {isa = PBXFileReference; fileEncoding = 4; lastKnownFileType = sourcecode.c.c; path = mbcrc.c; sourceTree = "<group>"; };
		012AC90519D03641006D9744 /* mbcrc.h */ = {isa = PBXFileReference; fileEncoding = 4; lastKnownFileType = sourcecode.c.h; path = mbcrc.h; sourceTree = "<group>"; };
		012AC90619D03641006D9744 /* mbrtu.c */ = {isa = PBXFileReference; fileEncoding = 4; lastKnownFileType = sourcecode.c.c; path = mbrtu.c; sourceTree = "<group>"; };
		012AC90719D03641006D9744 /* mbrtu.h */ = {isa = PBXFileReference; fileEncoding = 4; lastKnownFileType = sourcecode.c.h; path = mbrtu.h; sourceTree = "<group>"; };
		012AC90819D03641006D9744 /* mbrtu.o */ = {isa = PBXFileReference; lastKnownFileType = "compiled.mach-o.objfile"; path = mbrtu.o; sourceTree = "<group>"; };
		012AC90A19D03641006D9744 /* mbtcp.c */ = {isa = PBXFileReference; fileEncoding = 4; lastKnownFileType = sourcecode.c.c; path = mbtcp.c; sourceTree = "<group>"; };
		012AC90B19D03641006D9744 /* mbtcp.h */ = {isa = PBXFileReference; fileEncoding = 4; lastKnownFileType = sourcecode.c.h; path = mbtcp.h; sourceTree = "<group>"; };
		012AC90D19D03649006D9744 /* mbcrc.c */ = {isa = PBXFileReference; fileEncoding = 4; lastKnownFileType = sourcecode.c.c; path = mbcrc.c; sourceTree = "<group>"; };
		012AC90E19D03649006D9744 /* mbcrc.o */ = {isa = PBXFileReference; lastKnownFileType = "compiled.mach-o.objfile"; path = mbcrc.o; sourceTree = "<group>"; };
		012AC90F19D03649006D9744 /* port.h */ = {isa = PBXFileReference; fileEncoding = 4; lastKnownFileType = sourcecode.c.h; path = port.h; sourceTree = "<group>"; };
		012AC91019D03649006D9744 /* portevent.c */ = {isa = PBXFileReference; fileEncoding = 4; lastKnownFileType = sourcecode.c.c; path = portevent.c; sourceTree = "<group>"; };
		012AC91119D03649006D9744 /* portevent.o */ = {isa = PBXFileReference; lastKnownFileType = "compiled.mach-o.objfile"; path = portevent.o; sourceTree = "<group>"; };
		012AC91219D03649006D9744 /* portserial.c */ = {isa = PBXFileReference; fileEncoding = 4; lastKnownFileType = sourcecode.c.c; path = portserial.c; sourceTree = "<group>"; };
		012AC91319D03649006D9744 /* portserial.c_cbf */ = {isa = PBXFileReference; fileEncoding = 4; lastKnownFileType = text; path = portserial.c_cbf; sourceTree = "<group>"; };
		012AC91419D03649006D9744 /* portserial.o */ = {isa = PBXFileReference; lastKnownFileType = "compiled.mach-o.objfile"; path = portserial.o; sourceTree = "<group>"; };
		012AC91519D03649006D9744 /* porttimer.c */ = {isa = PBXFileReference; fileEncoding = 4; lastKnownFileType = sourcecode.c.c; path = porttimer.c; sourceTree = "<group>"; };
		012AC91619D03649006D9744 /* porttimer.o */ = {isa = PBXFileReference; lastKnownFileType = "compiled.mach-o.objfile"; path = porttimer.o; sourceTree = "<group>"; };
		012AC91A19D03E3F006D9744 /* global.h */ = {isa = PBXFileReference; lastKnownFileType = sourcecode.c.h; path = global.h; sourceTree = "<group>"; };
		012AC91B19D05B3A006D9744 /* servo.h */ = {isa = PBXFileReference; lastKnownFileType = sourcecode.c.h; path = servo.h; sourceTree = "<group>"; };
		012AC91E19D0603B006D9744 /* servo.c */ = {isa = PBXFileReference; fileEncoding = 4; lastKnownFileType = sourcecode.c.c; path = servo.c; sourceTree = "<group>"; };
		012AC92019D0778C006D9744 /* pcint.h */ = {isa = PBXFileReference; lastKnownFileType = sourcecode.c.h; path = pcint.h; sourceTree = "<group>"; };
		012AC92119D079EA006D9744 /* pcint.c */ = {isa = PBXFileReference; fileEncoding = 4; lastKnownFileType = sourcecode.c.c; path = pcint.c; sourceTree = "<group>"; };
		01E80BFC19DD6C4000737924 /* relay.h */ = {isa = PBXFileReference; lastKnownFileType = sourcecode.c.h; path = relay.h; sourceTree = "<group>"; };
		01E80BFD19DD6E4A00737924 /* relay.c */ = {isa = PBXFileReference; fileEncoding = 4; lastKnownFileType = sourcecode.c.c; path = relay.c; sourceTree = "<group>"; };
		01E80BFF19DD892100737924 /* timer0.c */ = {isa = PBXFileReference; fileEncoding = 4; lastKnownFileType = sourcecode.c.c; path = timer0.c; sourceTree = "<group>"; };
		01E80C0019DD892100737924 /* timer0.h */ = {isa = PBXFileReference; fileEncoding = 4; lastKnownFileType = sourcecode.c.h; path = timer0.h; sourceTree = "<group>"; };
/* End PBXFileReference section */

/* Begin PBXGroup section */
		012AC8BF19D0333C006D9744 = {
			isa = PBXGroup;
			children = (
				012AC8CC19D0333C006D9744 /* Runin_V2 */,
				012AC8CB19D0333C006D9744 /* Products */,
			);
			sourceTree = "<group>";
		};
		012AC8CB19D0333C006D9744 /* Products */ = {
			isa = PBXGroup;
			children = (
				012AC8CA19D0333C006D9744 /* Index */,
			);
			name = Products;
			sourceTree = "<group>";
		};
		012AC8CC19D0333C006D9744 /* Runin_V2 */ = {
			isa = PBXGroup;
			children = (
				012AC90C19D03649006D9744 /* port */,
				012AC8E319D03641006D9744 /* modbus */,
				012AC8CD19D0333C006D9744 /* runin2.c */,
				012AC91A19D03E3F006D9744 /* global.h */,
				012AC91819D03DDE006D9744 /* libs */,
				012AC8CF19D0333C006D9744 /* Makefiles */,
			);
			path = Runin_V2;
			sourceTree = "<group>";
		};
		012AC8CF19D0333C006D9744 /* Makefiles */ = {
			isa = PBXGroup;
			children = (
				012AC8D019D0333C006D9744 /* Makefile */,
			);
			name = Makefiles;
			sourceTree = "<group>";
		};
		012AC8E319D03641006D9744 /* modbus */ = {
			isa = PBXGroup;
			children = (
				012AC8E419D03641006D9744 /* ascii */,
				012AC8E819D03641006D9744 /* functions */,
				012AC8F819D03641006D9744 /* include */,
				012AC90119D03641006D9744 /* mb.c */,
				012AC90219D03641006D9744 /* mb.o */,
				012AC90319D03641006D9744 /* rtu */,
				012AC90919D03641006D9744 /* tcp */,
			);
			path = modbus;
			sourceTree = "<group>";
		};
		012AC8E419D03641006D9744 /* ascii */ = {
			isa = PBXGroup;
			children = (
				012AC8E519D03641006D9744 /* mbascii.c */,
				012AC8E619D03641006D9744 /* mbascii.h */,
				012AC8E719D03641006D9744 /* mbascii.o */,
			);
			path = ascii;
			sourceTree = "<group>";
		};
		012AC8E819D03641006D9744 /* functions */ = {
			isa = PBXGroup;
			children = (
				012AC8E919D03641006D9744 /* mbfunccoils.c */,
				012AC8EA19D03641006D9744 /* mbfunccoils.c_cbf */,
				012AC8EB19D03641006D9744 /* mbfunccoils.o */,
				012AC8EC19D03641006D9744 /* mbfuncdiag.c */,
				012AC8ED19D03641006D9744 /* mbfuncdiag.o */,
				012AC8EE19D03641006D9744 /* mbfuncdisc.c */,
				012AC8EF19D03641006D9744 /* mbfuncdisc.o */,
				012AC8F019D03641006D9744 /* mbfuncholding.c */,
				012AC8F119D03641006D9744 /* mbfuncholding.o */,
				012AC8F219D03641006D9744 /* mbfuncinput.c */,
				012AC8F319D03641006D9744 /* mbfuncinput.o */,
				012AC8F419D03641006D9744 /* mbfuncother.c */,
				012AC8F519D03641006D9744 /* mbfuncother.o */,
				012AC8F619D03641006D9744 /* mbutils.c */,
				012AC8F719D03641006D9744 /* mbutils.o */,
			);
			path = functions;
			sourceTree = "<group>";
		};
		012AC8F819D03641006D9744 /* include */ = {
			isa = PBXGroup;
			children = (
				012AC8F919D03641006D9744 /* mb.h */,
				012AC8FA19D03641006D9744 /* mbconfig.h */,
				012AC8FB19D03641006D9744 /* mbconfig.h_cbf */,
				012AC8FC19D03641006D9744 /* mbframe.h */,
				012AC8FD19D03641006D9744 /* mbfunc.h */,
				012AC8FE19D03641006D9744 /* mbport.h */,
				012AC8FF19D03641006D9744 /* mbproto.h */,
				012AC90019D03641006D9744 /* mbutils.h */,
			);
			path = include;
			sourceTree = "<group>";
		};
		012AC90319D03641006D9744 /* rtu */ = {
			isa = PBXGroup;
			children = (
				012AC90419D03641006D9744 /* mbcrc.c */,
				012AC90519D03641006D9744 /* mbcrc.h */,
				012AC90619D03641006D9744 /* mbrtu.c */,
				012AC90719D03641006D9744 /* mbrtu.h */,
				012AC90819D03641006D9744 /* mbrtu.o */,
			);
			path = rtu;
			sourceTree = "<group>";
		};
		012AC90919D03641006D9744 /* tcp */ = {
			isa = PBXGroup;
			children = (
				012AC90A19D03641006D9744 /* mbtcp.c */,
				012AC90B19D03641006D9744 /* mbtcp.h */,
			);
			path = tcp;
			sourceTree = "<group>";
		};
		012AC90C19D03649006D9744 /* port */ = {
			isa = PBXGroup;
			children = (
				012AC90D19D03649006D9744 /* mbcrc.c */,
				012AC90E19D03649006D9744 /* mbcrc.o */,
				012AC90F19D03649006D9744 /* port.h */,
				012AC91019D03649006D9744 /* portevent.c */,
				012AC91119D03649006D9744 /* portevent.o */,
				012AC91219D03649006D9744 /* portserial.c */,
				012AC91319D03649006D9744 /* portserial.c_cbf */,
				012AC91419D03649006D9744 /* portserial.o */,
				012AC91519D03649006D9744 /* porttimer.c */,
				012AC91619D03649006D9744 /* porttimer.o */,
			);
			path = port;
			sourceTree = "<group>";
		};
		012AC91819D03DDE006D9744 /* libs */ = {
			isa = PBXGroup;
			children = (
				01E80BFF19DD892100737924 /* timer0.c */,
				01E80C0019DD892100737924 /* timer0.h */,
				012AC91B19D05B3A006D9744 /* servo.h */,
				012AC91E19D0603B006D9744 /* servo.c */,
				012AC92019D0778C006D9744 /* pcint.h */,
				012AC92119D079EA006D9744 /* pcint.c */,
				01E80BFC19DD6C4000737924 /* relay.h */,
				01E80BFD19DD6E4A00737924 /* relay.c */,
			);
			path = libs;
			sourceTree = "<group>";
		};
/* End PBXGroup section */

/* Begin PBXLegacyTarget section */
		012AC8C419D0333C006D9744 /* All */ = {
			isa = PBXLegacyTarget;
			buildArgumentsString = "all -C \"$(PROJECT)\"";
			buildConfigurationList = 012AC8D419D0333C006D9744 /* Build configuration list for PBXLegacyTarget "All" */;
			buildPhases = (
			);
			buildToolPath = make;
			dependencies = (
			);
			name = All;
			passBuildSettingsInEnvironment = 1;
			productName = All;
		};
		012AC8C519D0333C006D9744 /* Build */ = {
			isa = PBXLegacyTarget;
			buildArgumentsString = "clean build -C \"$(PROJECT)\"";
			buildConfigurationList = 012AC8D719D0333C006D9744 /* Build configuration list for PBXLegacyTarget "Build" */;
			buildPhases = (
			);
			buildToolPath = make;
			dependencies = (
			);
			name = Build;
			passBuildSettingsInEnvironment = 1;
			productName = Build;
		};
		012AC8C619D0333C006D9744 /* Upload */ = {
			isa = PBXLegacyTarget;
			buildArgumentsString = "clean build program -C \"$(PROJECT)\"";
			buildConfigurationList = 012AC8DA19D0333C006D9744 /* Build configuration list for PBXLegacyTarget "Upload" */;
			buildPhases = (
			);
			buildToolPath = make;
			dependencies = (
			);
			name = Upload;
			passBuildSettingsInEnvironment = 1;
			productName = Upload;
		};
		012AC8C719D0333C006D9744 /* Clean */ = {
			isa = PBXLegacyTarget;
			buildArgumentsString = "clean -C \"$(PROJECT)\"";
			buildConfigurationList = 012AC8DD19D0333C006D9744 /* Build configuration list for PBXLegacyTarget "Clean" */;
			buildPhases = (
			);
			buildToolPath = make;
			dependencies = (
			);
			name = Clean;
			passBuildSettingsInEnvironment = 1;
			productName = Clean;
		};
/* End PBXLegacyTarget section */

/* Begin PBXNativeTarget section */
		012AC8C919D0333C006D9744 /* Index */ = {
			isa = PBXNativeTarget;
			buildConfigurationList = 012AC8E019D0333C006D9744 /* Build configuration list for PBXNativeTarget "Index" */;
			buildPhases = (
				012AC8C819D0333C006D9744 /* Sources */,
			);
			buildRules = (
			);
			dependencies = (
			);
			name = Index;
			productName = Index;
			productReference = 012AC8CA19D0333C006D9744 /* Index */;
			productType = "com.apple.product-type.tool";
		};
/* End PBXNativeTarget section */

/* Begin PBXProject section */
		012AC8C019D0333C006D9744 /* Project object */ = {
			isa = PBXProject;
			attributes = {
				LastUpgradeCheck = 0600;
				ORGANIZATIONNAME = Weiming;
			};
			buildConfigurationList = 012AC8C319D0333C006D9744 /* Build configuration list for PBXProject "Runin_V2" */;
			compatibilityVersion = "Xcode 3.2";
			developmentRegion = English;
			hasScannedForEncodings = 0;
			knownRegions = (
				en,
			);
			mainGroup = 012AC8BF19D0333C006D9744;
			productRefGroup = 012AC8CB19D0333C006D9744 /* Products */;
			projectDirPath = "";
			projectRoot = "";
			targets = (
				012AC8C419D0333C006D9744 /* All */,
				012AC8C519D0333C006D9744 /* Build */,
				012AC8C619D0333C006D9744 /* Upload */,
				012AC8C719D0333C006D9744 /* Clean */,
				012AC8C919D0333C006D9744 /* Index */,
			);
		};
/* End PBXProject section */

/* Begin PBXSourcesBuildPhase section */
		012AC8C819D0333C006D9744 /* Sources */ = {
			isa = PBXSourcesBuildPhase;
			buildActionMask = 2147483647;
			files = (
				012AC91F19D0603B006D9744 /* servo.c in Sources */,
				012AC8D119D0333C006D9744 /* Makefile in Sources */,
				01E80C0119DD892100737924 /* timer0.c in Sources */,
				012AC92219D079EA006D9744 /* pcint.c in Sources */,
				01E80BFE19DD6E4A00737924 /* relay.c in Sources */,
				012AC8CE19D0333C006D9744 /* runin2.c in Sources */,
			);
			runOnlyForDeploymentPostprocessing = 0;
		};
/* End PBXSourcesBuildPhase section */

/* Begin XCBuildConfiguration section */
		012AC8D219D0333C006D9744 /* Debug */ = {
			isa = XCBuildConfiguration;
			buildSettings = {
				ALWAYS_SEARCH_USER_PATHS = NO;
				CLANG_CXX_LANGUAGE_STANDARD = "gnu++0x";
				CLANG_CXX_LIBRARY = "libc++";
				CLANG_ENABLE_MODULES = YES;
				CLANG_ENABLE_OBJC_ARC = YES;
				CLANG_WARN_BOOL_CONVERSION = YES;
				CLANG_WARN_CONSTANT_CONVERSION = YES;
				CLANG_WARN_DIRECT_OBJC_ISA_USAGE = YES_ERROR;
				CLANG_WARN_EMPTY_BODY = YES;
				CLANG_WARN_ENUM_CONVERSION = YES;
				CLANG_WARN_INT_CONVERSION = YES;
				CLANG_WARN_OBJC_ROOT_CLASS = YES_ERROR;
				CLANG_WARN__DUPLICATE_METHOD_MATCH = YES;
				COPY_PHASE_STRIP = NO;
				GCC_C_LANGUAGE_STANDARD = gnu99;
				GCC_DYNAMIC_NO_PIC = NO;
				GCC_OPTIMIZATION_LEVEL = 0;
				GCC_PREPROCESSOR_DEFINITIONS = (
					"DEBUG=1,",
					"__AVR_ATmega168PA__,",
					"F_CPU=8000000",
				);
				GCC_SYMBOLS_PRIVATE_EXTERN = NO;
				GCC_WARN_64_TO_32_BIT_CONVERSION = YES;
				GCC_WARN_ABOUT_RETURN_TYPE = YES_ERROR;
				GCC_WARN_UNDECLARED_SELECTOR = YES;
				GCC_WARN_UNINITIALIZED_AUTOS = YES_AGGRESSIVE;
				GCC_WARN_UNUSED_FUNCTION = YES;
				GCC_WARN_UNUSED_VARIABLE = YES;
				HEADER_SEARCH_PATHS = (
					"/usr/local/CrossPack-AVR-20131216/lib/gcc/avr/4.8.1/include",
					"/usr/local/CrossPack-AVR-20131216/lib/gcc/avr/4.8.1/include-fixed",
					"/usr/local/CrossPack-AVR-20131216/avr/include",
				);
				ONLY_ACTIVE_ARCH = YES;
				PATH = "$(PATH):$(PROJECT_DIR)";
				PRODUCT_NAME = "$(TARGET_NAME)";
			};
			name = Debug;
		};
		012AC8D319D0333C006D9744 /* Release */ = {
			isa = XCBuildConfiguration;
			buildSettings = {
				ALWAYS_SEARCH_USER_PATHS = NO;
				CLANG_CXX_LANGUAGE_STANDARD = "gnu++0x";
				CLANG_CXX_LIBRARY = "libc++";
				CLANG_ENABLE_MODULES = YES;
				CLANG_ENABLE_OBJC_ARC = YES;
				CLANG_WARN_BOOL_CONVERSION = YES;
				CLANG_WARN_CONSTANT_CONVERSION = YES;
				CLANG_WARN_DIRECT_OBJC_ISA_USAGE = YES_ERROR;
				CLANG_WARN_EMPTY_BODY = YES;
				CLANG_WARN_ENUM_CONVERSION = YES;
				CLANG_WARN_INT_CONVERSION = YES;
				CLANG_WARN_OBJC_ROOT_CLASS = YES_ERROR;
				CLANG_WARN__DUPLICATE_METHOD_MATCH = YES;
				COPY_PHASE_STRIP = YES;
				ENABLE_NS_ASSERTIONS = NO;
				GCC_C_LANGUAGE_STANDARD = gnu99;
				GCC_PREPROCESSOR_DEFINITIONS = (
					"__AVR_ATmega168PA__,",
					"F_CPU=8000000",
				);
				GCC_WARN_64_TO_32_BIT_CONVERSION = YES;
				GCC_WARN_ABOUT_RETURN_TYPE = YES_ERROR;
				GCC_WARN_UNDECLARED_SELECTOR = YES;
				GCC_WARN_UNINITIALIZED_AUTOS = YES_AGGRESSIVE;
				GCC_WARN_UNUSED_FUNCTION = YES;
				GCC_WARN_UNUSED_VARIABLE = YES;
				HEADER_SEARCH_PATHS = (
					"/usr/local/CrossPack-AVR-20131216/lib/gcc/avr/4.8.1/include",
					"/usr/local/CrossPack-AVR-20131216/lib/gcc/avr/4.8.1/include-fixed",
					"/usr/local/CrossPack-AVR-20131216/avr/include",
				);
				PATH = "$(PATH):$(PROJECT_DIR)";
				PRODUCT_NAME = "$(TARGET_NAME)";
			};
			name = Release;
		};
		012AC8D519D0333C006D9744 /* Debug */ = {
			isa = XCBuildConfiguration;
			buildSettings = {
				PRODUCT_NAME = "$(TARGET_NAME)";
			};
			name = Debug;
		};
		012AC8D619D0333C006D9744 /* Release */ = {
			isa = XCBuildConfiguration;
			buildSettings = {
				PRODUCT_NAME = "$(TARGET_NAME)";
			};
			name = Release;
		};
		012AC8D819D0333C006D9744 /* Debug */ = {
			isa = XCBuildConfiguration;
			buildSettings = {
			};
			name = Debug;
		};
		012AC8D919D0333C006D9744 /* Release */ = {
			isa = XCBuildConfiguration;
			buildSettings = {
			};
			name = Release;
		};
		012AC8DB19D0333C006D9744 /* Debug */ = {
			isa = XCBuildConfiguration;
			buildSettings = {
			};
			name = Debug;
		};
		012AC8DC19D0333C006D9744 /* Release */ = {
			isa = XCBuildConfiguration;
			buildSettings = {
			};
			name = Release;
		};
		012AC8DE19D0333C006D9744 /* Debug */ = {
			isa = XCBuildConfiguration;
			buildSettings = {
			};
			name = Debug;
		};
		012AC8DF19D0333C006D9744 /* Release */ = {
			isa = XCBuildConfiguration;
			buildSettings = {
			};
			name = Release;
		};
		012AC8E119D0333C006D9744 /* Debug */ = {
			isa = XCBuildConfiguration;
			buildSettings = {
			};
			name = Debug;
		};
		012AC8E219D0333C006D9744 /* Release */ = {
			isa = XCBuildConfiguration;
			buildSettings = {
			};
			name = Release;
		};
/* End XCBuildConfiguration section */

/* Begin XCConfigurationList section */
		012AC8C319D0333C006D9744 /* Build configuration list for PBXProject "Runin_V2" */ = {
			isa = XCConfigurationList;
			buildConfigurations = (
				012AC8D219D0333C006D9744 /* Debug */,
				012AC8D319D0333C006D9744 /* Release */,
			);
			defaultConfigurationIsVisible = 0;
			defaultConfigurationName = Release;
		};
		012AC8D419D0333C006D9744 /* Build configuration list for PBXLegacyTarget "All" */ = {
			isa = XCConfigurationList;
			buildConfigurations = (
				012AC8D519D0333C006D9744 /* Debug */,
				012AC8D619D0333C006D9744 /* Release */,
			);
			defaultConfigurationIsVisible = 0;
			defaultConfigurationName = Release;
		};
		012AC8D719D0333C006D9744 /* Build configuration list for PBXLegacyTarget "Build" */ = {
			isa = XCConfigurationList;
			buildConfigurations = (
				012AC8D819D0333C006D9744 /* Debug */,
				012AC8D919D0333C006D9744 /* Release */,
			);
			defaultConfigurationIsVisible = 0;
			defaultConfigurationName = Release;
		};
		012AC8DA19D0333C006D9744 /* Build configuration list for PBXLegacyTarget "Upload" */ = {
			isa = XCConfigurationList;
			buildConfigurations = (
				012AC8DB19D0333C006D9744 /* Debug */,
				012AC8DC19D0333C006D9744 /* Release */,
			);
			defaultConfigurationIsVisible = 0;
			defaultConfigurationName = Release;
		};
		012AC8DD19D0333C006D9744 /* Build configuration list for PBXLegacyTarget "Clean" */ = {
			isa = XCConfigurationList;
			buildConfigurations = (
				012AC8DE19D0333C006D9744 /* Debug */,
				012AC8DF19D0333C006D9744 /* Release */,
			);
			defaultConfigurationIsVisible = 0;
			defaultConfigurationName = Release;
		};
		012AC8E019D0333C006D9744 /* Build configuration list for PBXNativeTarget "Index" */ = {
			isa = XCConfigurationList;
			buildConfigurations = (
				012AC8E119D0333C006D9744 /* Debug */,
				012AC8E219D0333C006D9744 /* Release */,
			);
			defaultConfigurationIsVisible = 0;
			defaultConfigurationName = Release;
		};
/* End XCConfigurationList section */
	};
	rootObject = 012AC8C019D0333C006D9744 /* Project object */;
}
